
Microsoft Visual Studio Solution File, Format Version 12.00
# Visual Studio Version 16
VisualStudioVersion = 16.0.30621.155
MinimumVisualStudioVersion = 10.0.40219.1
Project("{FAE04EC0-301F-11D3-BF4B-00C04F79EFBC}") = "WeeklyChallenges", "WeeklyChallenges\WeeklyChallenges.csproj", "{F462C2CF-34C5-46EC-9D3B-A18254E38675}"
EndProject
Project("{FAE04EC0-301F-11D3-BF4B-00C04F79EFBC}") = "Week2_Challenge", "Week2_Challenge\Week2_Challenge.csproj", "{227AFCA6-FB34-4922-A46D-99C0485C71FA}"
EndProject
Global
	GlobalSection(SolutionConfigurationPlatforms) = preSolution
		Debug|Any CPU = Debug|Any CPU
		Release|Any CPU = Release|Any CPU
	EndGlobalSection
	GlobalSection(ProjectConfigurationPlatforms) = postSolution
		{F462C2CF-34C5-46EC-9D3B-A18254E38675}.Debug|Any CPU.ActiveCfg = Debug|Any CPU
		{F462C2CF-34C5-46EC-9D3B-A18254E38675}.Debug|Any CPU.Build.0 = Debug|Any CPU
		{F462C2CF-34C5-46EC-9D3B-A18254E38675}.Release|Any CPU.ActiveCfg = Release|Any CPU
		{F462C2CF-34C5-46EC-9D3B-A18254E38675}.Release|Any CPU.Build.0 = Release|Any CPU
		{227AFCA6-FB34-4922-A46D-99C0485C71FA}.Debug|Any CPU.ActiveCfg = Debug|Any CPU
		{227AFCA6-FB34-4922-A46D-99C0485C71FA}.Debug|Any CPU.Build.0 = Debug|Any CPU
		{227AFCA6-FB34-4922-A46D-99C0485C71FA}.Release|Any CPU.ActiveCfg = Release|Any CPU
		{227AFCA6-FB34-4922-A46D-99C0485C71FA}.Release|Any CPU.Build.0 = Release|Any CPU
	EndGlobalSection
	GlobalSection(SolutionProperties) = preSolution
		HideSolutionNode = FALSE
	EndGlobalSection
	GlobalSection(ExtensibilityGlobals) = postSolution
		SolutionGuid = {E13794D0-A47D-4DBF-81B7-CB396FBA459E}
	EndGlobalSection
EndGlobal
